
Microsoft Visual Studio Solution File, Format Version 12.00
Project("{FAE04EC0-301F-11D3-BF4B-00C04F79EFBC}") = "CodeFirst", "CodeFirst\CodeFirst.csproj", "{DF96E7E1-7B4F-4BDC-9EF3-8E573EDB4518}"
EndProject
Global
	GlobalSection(SolutionConfigurationPlatforms) = preSolution
		Debug|Any CPU = Debug|Any CPU
		Release|Any CPU = Release|Any CPU
	EndGlobalSection
	GlobalSection(ProjectConfigurationPlatforms) = postSolution
		{DF96E7E1-7B4F-4BDC-9EF3-8E573EDB4518}.Debug|Any CPU.ActiveCfg = Debug|Any CPU
		{DF96E7E1-7B4F-4BDC-9EF3-8E573EDB4518}.Debug|Any CPU.Build.0 = Debug|Any CPU
		{DF96E7E1-7B4F-4BDC-9EF3-8E573EDB4518}.Release|Any CPU.ActiveCfg = Release|Any CPU
		{DF96E7E1-7B4F-4BDC-9EF3-8E573EDB4518}.Release|Any CPU.Build.0 = Release|Any CPU
	EndGlobalSection
EndGlobal
